
Microsoft Visual Studio Solution File, Format Version 12.00
# Visual Studio Version 17
VisualStudioVersion = 17.4.33110.190
MinimumVisualStudioVersion = 10.0.40219.1
Project("{FAE04EC0-301F-11D3-BF4B-00C04F79EFBC}") = "UniscoLMS", "UniscoLMS\UniscoLMS.csproj", "{9F3543B6-2C49-440C-91AC-F57EA84EE444}"
EndProject
Global
	GlobalSection(SolutionConfigurationPlatforms) = preSolution
		Debug|Any CPU = Debug|Any CPU
		Release|Any CPU = Release|Any CPU
	EndGlobalSection
	GlobalSection(ProjectConfigurationPlatforms) = postSolution
		{9F3543B6-2C49-440C-91AC-F57EA84EE444}.Debug|Any CPU.ActiveCfg = Debug|Any CPU
		{9F3543B6-2C49-440C-91AC-F57EA84EE444}.Debug|Any CPU.Build.0 = Debug|Any CPU
		{9F3543B6-2C49-440C-91AC-F57EA84EE444}.Release|Any CPU.ActiveCfg = Release|Any CPU
		{9F3543B6-2C49-440C-91AC-F57EA84EE444}.Release|Any CPU.Build.0 = Release|Any CPU
	EndGlobalSection
	GlobalSection(SolutionProperties) = preSolution
		HideSolutionNode = FALSE
	EndGlobalSection
	GlobalSection(ExtensibilityGlobals) = postSolution
		SolutionGuid = {BC78F79C-A085-47B1-8A86-87FF67BF73E3}
	EndGlobalSection
EndGlobal
